// !$*UTF8*$!
{
	archiveVersion = 1;
	classes = {
	};
	objectVersion = 46;
	objects = {

/* Begin PBXBuildFile section */
		8F1896DC1E018FB800EF54FF /* AppDelegate.swift in Sources */ = {isa = PBXBuildFile; fileRef = 8F1896DB1E018FB800EF54FF /* AppDelegate.swift */; };
		8F1896DE1E018FB800EF54FF /* ViewController.swift in Sources */ = {isa = PBXBuildFile; fileRef = 8F1896DD1E018FB800EF54FF /* ViewController.swift */; };
		8F1896E11E018FB800EF54FF /* Main.storyboard in Resources */ = {isa = PBXBuildFile; fileRef = 8F1896DF1E018FB800EF54FF /* Main.storyboard */; };
		8F1896E31E018FB800EF54FF /* Assets.xcassets in Resources */ = {isa = PBXBuildFile; fileRef = 8F1896E21E018FB800EF54FF /* Assets.xcassets */; };
		8F1896E61E018FB800EF54FF /* LaunchScreen.storyboard in Resources */ = {isa = PBXBuildFile; fileRef = 8F1896E41E018FB800EF54FF /* LaunchScreen.storyboard */; };
		8F1896F41E0190B000EF54FF /* Reachability.m in Sources */ = {isa = PBXBuildFile; fileRef = 8F1896F31E0190B000EF54FF /* Reachability.m */; };
		8F1896F91E01915200EF54FF /* MReachablity.swift in Sources */ = {isa = PBXBuildFile; fileRef = 8F1896F81E01915200EF54FF /* MReachablity.swift */; };
/* End PBXBuildFile section */

/* Begin PBXFileReference section */
		8F1896D81E018FB800EF54FF /* Reachablity.app */ = {isa = PBXFileReference; explicitFileType = wrapper.application; includeInIndex = 0; path = Reachablity.app; sourceTree = BUILT_PRODUCTS_DIR; };
		8F1896DB1E018FB800EF54FF /* AppDelegate.swift */ = {isa = PBXFileReference; lastKnownFileType = sourcecode.swift; path = AppDelegate.swift; sourceTree = "<group>"; };
		8F1896DD1E018FB800EF54FF /* ViewController.swift */ = {isa = PBXFileReference; lastKnownFileType = sourcecode.swift; path = ViewController.swift; sourceTree = "<group>"; };
		8F1896E01E018FB800EF54FF /* Base */ = {isa = PBXFileReference; lastKnownFileType = file.storyboard; name = Base; path = Base.lproj/Main.storyboard; sourceTree = "<group>"; };
		8F1896E21E018FB800EF54FF /* Assets.xcassets */ = {isa = PBXFileReference; lastKnownFileType = folder.assetcatalog; path = Assets.xcassets; sourceTree = "<group>"; };
		8F1896E51E018FB800EF54FF /* Base */ = {isa = PBXFileReference; lastKnownFileType = file.storyboard; name = Base; path = Base.lproj/LaunchScreen.storyboard; sourceTree = "<group>"; };
		8F1896E71E018FB800EF54FF /* Info.plist */ = {isa = PBXFileReference; lastKnownFileType = text.plist.xml; path = Info.plist; sourceTree = "<group>"; };
		8F1896F11E0190AF00EF54FF /* Reachablity-Bridging-Header.h */ = {isa = PBXFileReference; lastKnownFileType = sourcecode.c.h; path = "Reachablity-Bridging-Header.h"; sourceTree = "<group>"; };
		8F1896F21E0190B000EF54FF /* Reachability.h */ = {isa = PBXFileReference; fileEncoding = 4; lastKnownFileType = sourcecode.c.h; path = Reachability.h; sourceTree = "<group>"; };
		8F1896F31E0190B000EF54FF /* Reachability.m */ = {isa = PBXFileReference; fileEncoding = 4; lastKnownFileType = sourcecode.c.objc; path = Reachability.m; sourceTree = "<group>"; };
		8F1896F81E01915200EF54FF /* MReachablity.swift */ = {isa = PBXFileReference; fileEncoding = 4; lastKnownFileType = sourcecode.swift; path = MReachablity.swift; sourceTree = "<group>"; };
/* End PBXFileReference section */

/* Begin PBXFrameworksBuildPhase section */
		8F1896D51E018FB800EF54FF /* Frameworks */ = {
			isa = PBXFrameworksBuildPhase;
			buildActionMask = 2147483647;
			files = (
			);
			runOnlyForDeploymentPostprocessing = 0;
		};
/* End PBXFrameworksBuildPhase section */

/* Begin PBXGroup section */
		8F1896CF1E018FB800EF54FF = {
			isa = PBXGroup;
			children = (
				8F1896DA1E018FB800EF54FF /* Reachablity */,
				8F1896D91E018FB800EF54FF /* Products */,
			);
			sourceTree = "<group>";
		};
		8F1896D91E018FB800EF54FF /* Products */ = {
			isa = PBXGroup;
			children = (
				8F1896D81E018FB800EF54FF /* Reachablity.app */,
			);
			name = Products;
			sourceTree = "<group>";
		};
		8F1896DA1E018FB800EF54FF /* Reachablity */ = {
			isa = PBXGroup;
			children = (
				8F1896F01E01909500EF54FF /* Support Files */,
				8F1896ED1E018FE400EF54FF /* Other Files */,
				8F1896EF1E01901100EF54FF /* Controller */,
				8F1896EE1E018FF100EF54FF /* View */,
			);
			path = Reachablity;
			sourceTree = "<group>";
		};
		8F1896ED1E018FE400EF54FF /* Other Files */ = {
			isa = PBXGroup;
			children = (
				8F1896DB1E018FB800EF54FF /* AppDelegate.swift */,
				8F1896E21E018FB800EF54FF /* Assets.xcassets */,
				8F1896E71E018FB800EF54FF /* Info.plist */,
			);
			name = "Other Files";
			sourceTree = "<group>";
		};
		8F1896EE1E018FF100EF54FF /* View */ = {
			isa = PBXGroup;
			children = (
				8F1896DF1E018FB800EF54FF /* Main.storyboard */,
				8F1896E41E018FB800EF54FF /* LaunchScreen.storyboard */,
			);
			name = View;
			sourceTree = "<group>";
		};
		8F1896EF1E01901100EF54FF /* Controller */ = {
			isa = PBXGroup;
			children = (
				8F1896DD1E018FB800EF54FF /* ViewController.swift */,
				8F1896F81E01915200EF54FF /* MReachablity.swift */,
			);
			name = Controller;
			sourceTree = "<group>";
		};
		8F1896F01E01909500EF54FF /* Support Files */ = {
			isa = PBXGroup;
			children = (
				8F1896F21E0190B000EF54FF /* Reachability.h */,
				8F1896F31E0190B000EF54FF /* Reachability.m */,
				8F1896F11E0190AF00EF54FF /* Reachablity-Bridging-Header.h */,
			);
			name = "Support Files";
			sourceTree = "<group>";
		};
/* End PBXGroup section */

/* Begin PBXNativeTarget section */
		8F1896D71E018FB800EF54FF /* Reachablity */ = {
			isa = PBXNativeTarget;
			buildConfigurationList = 8F1896EA1E018FB800EF54FF /* Build configuration list for PBXNativeTarget "Reachablity" */;
			buildPhases = (
				8F1896D41E018FB800EF54FF /* Sources */,
				8F1896D51E018FB800EF54FF /* Frameworks */,
				8F1896D61E018FB800EF54FF /* Resources */,
			);
			buildRules = (
			);
			dependencies = (
			);
			name = Reachablity;
			productName = Reachablity;
			productReference = 8F1896D81E018FB800EF54FF /* Reachablity.app */;
			productType = "com.apple.product-type.application";
		};
/* End PBXNativeTarget section */

/* Begin PBXProject section */
		8F1896D01E018FB800EF54FF /* Project object */ = {
			isa = PBXProject;
			attributes = {
				LastSwiftUpdateCheck = 0720;
				LastUpgradeCheck = 0720;
				ORGANIZATIONNAME = example;
				TargetAttributes = {
					8F1896D71E018FB800EF54FF = {
						CreatedOnToolsVersion = 7.2.1;
					};
				};
			};
			buildConfigurationList = 8F1896D31E018FB800EF54FF /* Build configuration list for PBXProject "Reachablity" */;
			compatibilityVersion = "Xcode 3.2";
			developmentRegion = English;
			hasScannedForEncodings = 0;
			knownRegions = (
				en,
				Base,
			);
			mainGroup = 8F1896CF1E018FB800EF54FF;
			productRefGroup = 8F1896D91E018FB800EF54FF /* Products */;
			projectDirPath = "";
			projectRoot = "";
			targets = (
				8F1896D71E018FB800EF54FF /* Reachablity */,
			);
		};
/* End PBXProject section */

/* Begin PBXResourcesBuildPhase section */
		8F1896D61E018FB800EF54FF /* Resources */ = {
			isa = PBXResourcesBuildPhase;
			buildActionMask = 2147483647;
			files = (
				8F1896E61E018FB800EF54FF /* LaunchScreen.storyboard in Resources */,
				8F1896E31E018FB800EF54FF /* Assets.xcassets in Resources */,
				8F1896E11E018FB800EF54FF /* Main.storyboard in Resources */,
			);
			runOnlyForDeploymentPostprocessing = 0;
		};
/* End PBXResourcesBuildPhase section */

/* Begin PBXSourcesBuildPhase section */
		8F1896D41E018FB800EF54FF /* Sources */ = {
			isa = PBXSourcesBuildPhase;
			buildActionMask = 2147483647;
			files = (
				8F1896DE1E018FB800EF54FF /* ViewController.swift in Sources */,
				8F1896F41E0190B000EF54FF /* Reachability.m in Sources */,
				8F1896F91E01915200EF54FF /* MReachablity.swift in Sources */,
				8F1896DC1E018FB800EF54FF /* AppDelegate.swift in Sources */,
			);
			runOnlyForDeploymentPostprocessing = 0;
		};
/* End PBXSourcesBuildPhase section */

/* Begin PBXVariantGroup section */
		8F1896DF1E018FB800EF54FF /* Main.storyboard */ = {
			isa = PBXVariantGroup;
			children = (
				8F1896E01E018FB800EF54FF /* Base */,
			);
			name = Main.storyboard;
			sourceTree = "<group>";
		};
		8F1896E41E018FB800EF54FF /* LaunchScreen.storyboard */ = {
			isa = PBXVariantGroup;
			children = (
				8F1896E51E018FB800EF54FF /* Base */,
			);
			name = LaunchScreen.storyboard;
			sourceTree = "<group>";
		};
/* End PBXVariantGroup section */

/* Begin XCBuildConfiguration section */
		8F1896E81E018FB800EF54FF /* Debug */ = {
			isa = XCBuildConfiguration;
			buildSettings = {
				ALWAYS_SEARCH_USER_PATHS = NO;
				CLANG_CXX_LANGUAGE_STANDARD = "gnu++0x";
				CLANG_CXX_LIBRARY = "libc++";
				CLANG_ENABLE_MODULES = YES;
				CLANG_ENABLE_OBJC_ARC = YES;
				CLANG_WARN_BOOL_CONVERSION = YES;
				CLANG_WARN_CONSTANT_CONVERSION = YES;
				CLANG_WARN_DIRECT_OBJC_ISA_USAGE = YES_ERROR;
				CLANG_WARN_EMPTY_BODY = YES;
				CLANG_WARN_ENUM_CONVERSION = YES;
				CLANG_WARN_INT_CONVERSION = YES;
				CLANG_WARN_OBJC_ROOT_CLASS = YES_ERROR;
				CLANG_WARN_UNREACHABLE_CODE = YES;
				CLANG_WARN__DUPLICATE_METHOD_MATCH = YES;
				"CODE_SIGN_IDENTITY[sdk=iphoneos*]" = "iPhone Developer";
				COPY_PHASE_STRIP = NO;
				DEBUG_INFORMATION_FORMAT = dwarf;
				ENABLE_STRICT_OBJC_MSGSEND = YES;
				ENABLE_TESTABILITY = YES;
				GCC_C_LANGUAGE_STANDARD = gnu99;
				GCC_DYNAMIC_NO_PIC = NO;
				GCC_NO_COMMON_BLOCKS = YES;
				GCC_OPTIMIZATION_LEVEL = 0;
				GCC_PREPROCESSOR_DEFINITIONS = (
					"DEBUG=1",
					"$(inherited)",
				);
				GCC_WARN_64_TO_32_BIT_CONVERSION = YES;
				GCC_WARN_ABOUT_RETURN_TYPE = YES_ERROR;
				GCC_WARN_UNDECLARED_SELECTOR = YES;
				GCC_WARN_UNINITIALIZED_AUTOS = YES_AGGRESSIVE;
				GCC_WARN_UNUSED_FUNCTION = YES;
				GCC_WARN_UNUSED_VARIABLE = YES;
				IPHONEOS_DEPLOYMENT_TARGET = 9.2;
				MTL_ENABLE_DEBUG_INFO = YES;
				ONLY_ACTIVE_ARCH = YES;
				SDKROOT = iphoneos;
				SWIFT_OPTIMIZATION_LEVEL = "-Onone";
				TARGETED_DEVICE_FAMILY = "1,2";
			};
			name = Debug;
		};
		8F1896E91E018FB800EF54FF /* Release */ = {
			isa = XCBuildConfiguration;
			buildSettings = {
				ALWAYS_SEARCH_USER_PATHS = NO;
				CLANG_CXX_LANGUAGE_STANDARD = "gnu++0x";
				CLANG_CXX_LIBRARY = "libc++";
				CLANG_ENABLE_MODULES = YES;
				CLANG_ENABLE_OBJC_ARC = YES;
				CLANG_WARN_BOOL_CONVERSION = YES;
				CLANG_WARN_CONSTANT_CONVERSION = YES;
				CLANG_WARN_DIRECT_OBJC_ISA_USAGE = YES_ERROR;
				CLANG_WARN_EMPTY_BODY = YES;
				CLANG_WARN_ENUM_CONVERSION = YES;
				CLANG_WARN_INT_CONVERSION = YES;
				CLANG_WARN_OBJC_ROOT_CLASS = YES_ERROR;
				CLANG_WARN_UNREACHABLE_CODE = YES;
				CLANG_WARN__DUPLICATE_METHOD_MATCH = YES;
				"CODE_SIGN_IDENTITY[sdk=iphoneos*]" = "iPhone Developer";
				COPY_PHASE_STRIP = NO;
				DEBUG_INFORMATION_FORMAT = "dwarf-with-dsym";
				ENABLE_NS_ASSERTIONS = NO;
				ENABLE_STRICT_OBJC_MSGSEND = YES;
				GCC_C_LANGUAGE_STANDARD = gnu99;
				GCC_NO_COMMON_BLOCKS = YES;
				GCC_WARN_64_TO_32_BIT_CONVERSION = YES;
				GCC_WARN_ABOUT_RETURN_TYPE = YES_ERROR;
				GCC_WARN_UNDECLARED_SELECTOR = YES;
				GCC_WARN_UNINITIALIZED_AUTOS = YES_AGGRESSIVE;
				GCC_WARN_UNUSED_FUNCTION = YES;
				GCC_WARN_UNUSED_VARIABLE = YES;
				IPHONEOS_DEPLOYMENT_TARGET = 9.2;
				MTL_ENABLE_DEBUG_INFO = NO;
				SDKROOT = iphoneos;
				TARGETED_DEVICE_FAMILY = "1,2";
				VALIDATE_PRODUCT = YES;
			};
			name = Release;
		};
		8F1896EB1E018FB800EF54FF /* Debug */ = {
			isa = XCBuildConfiguration;
			buildSettings = {
				ASSETCATALOG_COMPILER_APPICON_NAME = AppIcon;
				CLANG_ENABLE_MODULES = YES;
				INFOPLIST_FILE = Reachablity/Info.plist;
				LD_RUNPATH_SEARCH_PATHS = "$(inherited) @executable_path/Frameworks";
				PRODUCT_BUNDLE_IDENTIFIER = com.example.Reachablity;
				PRODUCT_NAME = "$(TARGET_NAME)";
				SWIFT_OBJC_BRIDGING_HEADER = "Reachablity/Reachablity-Bridging-Header.h";
				SWIFT_OPTIMIZATION_LEVEL = "-Onone";
			};
			name = Debug;
		};
		8F1896EC1E018FB800EF54FF /* Release */ = {
			isa = XCBuildConfiguration;
			buildSettings = {
				ASSETCATALOG_COMPILER_APPICON_NAME = AppIcon;
				CLANG_ENABLE_MODULES = YES;
				INFOPLIST_FILE = Reachablity/Info.plist;
				LD_RUNPATH_SEARCH_PATHS = "$(inherited) @executable_path/Frameworks";
				PRODUCT_BUNDLE_IDENTIFIER = com.example.Reachablity;
				PRODUCT_NAME = "$(TARGET_NAME)";
				SWIFT_OBJC_BRIDGING_HEADER = "Reachablity/Reachablity-Bridging-Header.h";
			};
			name = Release;
		};
/* End XCBuildConfiguration section */

/* Begin XCConfigurationList section */
		8F1896D31E018FB800EF54FF /* Build configuration list for PBXProject "Reachablity" */ = {
			isa = XCConfigurationList;
			buildConfigurations = (
				8F1896E81E018FB800EF54FF /* Debug */,
				8F1896E91E018FB800EF54FF /* Release */,
			);
			defaultConfigurationIsVisible = 0;
			defaultConfigurationName = Release;
		};
		8F1896EA1E018FB800EF54FF /* Build configuration list for PBXNativeTarget "Reachablity" */ = {
			isa = XCConfigurationList;
			buildConfigurations = (
				8F1896EB1E018FB800EF54FF /* Debug */,
				8F1896EC1E018FB800EF54FF /* Release */,
			);
			defaultConfigurationIsVisible = 0;
		};
/* End XCConfigurationList section */
	};
	rootObject = 8F1896D01E018FB800EF54FF /* Project object */;
}
